// !$*UTF8*$!
{
	archiveVersion = 1;
	classes = {
	};
	objectVersion = 50;
	objects = {

/* Begin PBXBuildFile section */
		E393336A20F1D05E0045F8D7 /* AppDelegate.swift in Sources */ = {isa = PBXBuildFile; fileRef = E393336920F1D05E0045F8D7 /* AppDelegate.swift */; };
		E393336C20F1D05E0045F8D7 /* ViewController.swift in Sources */ = {isa = PBXBuildFile; fileRef = E393336B20F1D05E0045F8D7 /* ViewController.swift */; };
		E393336F20F1D05E0045F8D7 /* Main.storyboard in Resources */ = {isa = PBXBuildFile; fileRef = E393336D20F1D05E0045F8D7 /* Main.storyboard */; };
		E393337120F1D05F0045F8D7 /* Assets.xcassets in Resources */ = {isa = PBXBuildFile; fileRef = E393337020F1D05F0045F8D7 /* Assets.xcassets */; };
		E393337420F1D05F0045F8D7 /* LaunchScreen.storyboard in Resources */ = {isa = PBXBuildFile; fileRef = E393337220F1D05F0045F8D7 /* LaunchScreen.storyboard */; };
		E393337F20F1D05F0045F8D7 /* loginscreenUITests.swift in Sources */ = {isa = PBXBuildFile; fileRef = E393337E20F1D05F0045F8D7 /* loginscreenUITests.swift */; };
		E393338A20F1D05F0045F8D7 /* loginscreenUIUITests.swift in Sources */ = {isa = PBXBuildFile; fileRef = E393338920F1D05F0045F8D7 /* loginscreenUIUITests.swift */; };
/* End PBXBuildFile section */

/* Begin PBXContainerItemProxy section */
		E393337B20F1D05F0045F8D7 /* PBXContainerItemProxy */ = {
			isa = PBXContainerItemProxy;
			containerPortal = E393335E20F1D05E0045F8D7 /* Project object */;
			proxyType = 1;
			remoteGlobalIDString = E393336520F1D05E0045F8D7;
			remoteInfo = loginscreenUI;
		};
		E393338620F1D05F0045F8D7 /* PBXContainerItemProxy */ = {
			isa = PBXContainerItemProxy;
			containerPortal = E393335E20F1D05E0045F8D7 /* Project object */;
			proxyType = 1;
			remoteGlobalIDString = E393336520F1D05E0045F8D7;
			remoteInfo = loginscreenUI;
		};
/* End PBXContainerItemProxy section */

/* Begin PBXFileReference section */
		E393336620F1D05E0045F8D7 /* loginscreenUI.app */ = {isa = PBXFileReference; explicitFileType = wrapper.application; includeInIndex = 0; path = loginscreenUI.app; sourceTree = BUILT_PRODUCTS_DIR; };
		E393336920F1D05E0045F8D7 /* AppDelegate.swift */ = {isa = PBXFileReference; lastKnownFileType = sourcecode.swift; path = AppDelegate.swift; sourceTree = "<group>"; };
		E393336B20F1D05E0045F8D7 /* ViewController.swift */ = {isa = PBXFileReference; lastKnownFileType = sourcecode.swift; path = ViewController.swift; sourceTree = "<group>"; };
		E393336E20F1D05E0045F8D7 /* Base */ = {isa = PBXFileReference; lastKnownFileType = file.storyboard; name = Base; path = Base.lproj/Main.storyboard; sourceTree = "<group>"; };
		E393337020F1D05F0045F8D7 /* Assets.xcassets */ = {isa = PBXFileReference; lastKnownFileType = folder.assetcatalog; path = Assets.xcassets; sourceTree = "<group>"; };
		E393337320F1D05F0045F8D7 /* Base */ = {isa = PBXFileReference; lastKnownFileType = file.storyboard; name = Base; path = Base.lproj/LaunchScreen.storyboard; sourceTree = "<group>"; };
		E393337520F1D05F0045F8D7 /* Info.plist */ = {isa = PBXFileReference; lastKnownFileType = text.plist.xml; path = Info.plist; sourceTree = "<group>"; };
		E393337A20F1D05F0045F8D7 /* loginscreenUITests.xctest */ = {isa = PBXFileReference; explicitFileType = wrapper.cfbundle; includeInIndex = 0; path = loginscreenUITests.xctest; sourceTree = BUILT_PRODUCTS_DIR; };
		E393337E20F1D05F0045F8D7 /* loginscreenUITests.swift */ = {isa = PBXFileReference; lastKnownFileType = sourcecode.swift; path = loginscreenUITests.swift; sourceTree = "<group>"; };
		E393338020F1D05F0045F8D7 /* Info.plist */ = {isa = PBXFileReference; lastKnownFileType = text.plist.xml; path = Info.plist; sourceTree = "<group>"; };
		E393338520F1D05F0045F8D7 /* loginscreenUIUITests.xctest */ = {isa = PBXFileReference; explicitFileType = wrapper.cfbundle; includeInIndex = 0; path = loginscreenUIUITests.xctest; sourceTree = BUILT_PRODUCTS_DIR; };
		E393338920F1D05F0045F8D7 /* loginscreenUIUITests.swift */ = {isa = PBXFileReference; lastKnownFileType = sourcecode.swift; path = loginscreenUIUITests.swift; sourceTree = "<group>"; };
		E393338B20F1D05F0045F8D7 /* Info.plist */ = {isa = PBXFileReference; lastKnownFileType = text.plist.xml; path = Info.plist; sourceTree = "<group>"; };
/* End PBXFileReference section */

/* Begin PBXFrameworksBuildPhase section */
		E393336320F1D05E0045F8D7 /* Frameworks */ = {
			isa = PBXFrameworksBuildPhase;
			buildActionMask = 2147483647;
			files = (
			);
			runOnlyForDeploymentPostprocessing = 0;
		};
		E393337720F1D05F0045F8D7 /* Frameworks */ = {
			isa = PBXFrameworksBuildPhase;
			buildActionMask = 2147483647;
			files = (
			);
			runOnlyForDeploymentPostprocessing = 0;
		};
		E393338220F1D05F0045F8D7 /* Frameworks */ = {
			isa = PBXFrameworksBuildPhase;
			buildActionMask = 2147483647;
			files = (
			);
			runOnlyForDeploymentPostprocessing = 0;
		};
/* End PBXFrameworksBuildPhase section */

/* Begin PBXGroup section */
		E393335D20F1D05E0045F8D7 = {
			isa = PBXGroup;
			children = (
				E393336820F1D05E0045F8D7 /* loginscreenUI */,
				E393337D20F1D05F0045F8D7 /* loginscreenUITests */,
				E393338820F1D05F0045F8D7 /* loginscreenUIUITests */,
				E393336720F1D05E0045F8D7 /* Products */,
			);
			sourceTree = "<group>";
		};
		E393336720F1D05E0045F8D7 /* Products */ = {
			isa = PBXGroup;
			children = (
				E393336620F1D05E0045F8D7 /* loginscreenUI.app */,
				E393337A20F1D05F0045F8D7 /* loginscreenUITests.xctest */,
				E393338520F1D05F0045F8D7 /* loginscreenUIUITests.xctest */,
			);
			name = Products;
			sourceTree = "<group>";
		};
		E393336820F1D05E0045F8D7 /* loginscreenUI */ = {
			isa = PBXGroup;
			children = (
				E393336920F1D05E0045F8D7 /* AppDelegate.swift */,
				E393336B20F1D05E0045F8D7 /* ViewController.swift */,
				E393336D20F1D05E0045F8D7 /* Main.storyboard */,
				E393337020F1D05F0045F8D7 /* Assets.xcassets */,
				E393337220F1D05F0045F8D7 /* LaunchScreen.storyboard */,
				E393337520F1D05F0045F8D7 /* Info.plist */,
			);
			path = loginscreenUI;
			sourceTree = "<group>";
		};
		E393337D20F1D05F0045F8D7 /* loginscreenUITests */ = {
			isa = PBXGroup;
			children = (
				E393337E20F1D05F0045F8D7 /* loginscreenUITests.swift */,
				E393338020F1D05F0045F8D7 /* Info.plist */,
			);
			path = loginscreenUITests;
			sourceTree = "<group>";
		};
		E393338820F1D05F0045F8D7 /* loginscreenUIUITests */ = {
			isa = PBXGroup;
			children = (
				E393338920F1D05F0045F8D7 /* loginscreenUIUITests.swift */,
				E393338B20F1D05F0045F8D7 /* Info.plist */,
			);
			path = loginscreenUIUITests;
			sourceTree = "<group>";
		};
/* End PBXGroup section */

/* Begin PBXNativeTarget section */
		E393336520F1D05E0045F8D7 /* loginscreenUI */ = {
			isa = PBXNativeTarget;
			buildConfigurationList = E393338E20F1D05F0045F8D7 /* Build configuration list for PBXNativeTarget "loginscreenUI" */;
			buildPhases = (
				E393336220F1D05E0045F8D7 /* Sources */,
				E393336320F1D05E0045F8D7 /* Frameworks */,
				E393336420F1D05E0045F8D7 /* Resources */,
			);
			buildRules = (
			);
			dependencies = (
			);
			name = loginscreenUI;
			productName = loginscreenUI;
			productReference = E393336620F1D05E0045F8D7 /* loginscreenUI.app */;
			productType = "com.apple.product-type.application";
		};
		E393337920F1D05F0045F8D7 /* loginscreenUITests */ = {
			isa = PBXNativeTarget;
			buildConfigurationList = E393339120F1D05F0045F8D7 /* Build configuration list for PBXNativeTarget "loginscreenUITests" */;
			buildPhases = (
				E393337620F1D05F0045F8D7 /* Sources */,
				E393337720F1D05F0045F8D7 /* Frameworks */,
				E393337820F1D05F0045F8D7 /* Resources */,
			);
			buildRules = (
			);
			dependencies = (
				E393337C20F1D05F0045F8D7 /* PBXTargetDependency */,
			);
			name = loginscreenUITests;
			productName = loginscreenUITests;
			productReference = E393337A20F1D05F0045F8D7 /* loginscreenUITests.xctest */;
			productType = "com.apple.product-type.bundle.unit-test";
		};
		E393338420F1D05F0045F8D7 /* loginscreenUIUITests */ = {
			isa = PBXNativeTarget;
			buildConfigurationList = E393339420F1D05F0045F8D7 /* Build configuration list for PBXNativeTarget "loginscreenUIUITests" */;
			buildPhases = (
				E393338120F1D05F0045F8D7 /* Sources */,
				E393338220F1D05F0045F8D7 /* Frameworks */,
				E393338320F1D05F0045F8D7 /* Resources */,
			);
			buildRules = (
			);
			dependencies = (
				E393338720F1D05F0045F8D7 /* PBXTargetDependency */,
			);
			name = loginscreenUIUITests;
			productName = loginscreenUIUITests;
			productReference = E393338520F1D05F0045F8D7 /* loginscreenUIUITests.xctest */;
			productType = "com.apple.product-type.bundle.ui-testing";
		};
/* End PBXNativeTarget section */

/* Begin PBXProject section */
		E393335E20F1D05E0045F8D7 /* Project object */ = {
			isa = PBXProject;
			attributes = {
				LastSwiftUpdateCheck = 0940;
				LastUpgradeCheck = 0940;
				ORGANIZATIONNAME = "Jessica Ngo";
				TargetAttributes = {
					E393336520F1D05E0045F8D7 = {
						CreatedOnToolsVersion = 9.4.1;
					};
					E393337920F1D05F0045F8D7 = {
						CreatedOnToolsVersion = 9.4.1;
						TestTargetID = E393336520F1D05E0045F8D7;
					};
					E393338420F1D05F0045F8D7 = {
						CreatedOnToolsVersion = 9.4.1;
						TestTargetID = E393336520F1D05E0045F8D7;
					};
				};
			};
			buildConfigurationList = E393336120F1D05E0045F8D7 /* Build configuration list for PBXProject "loginscreenUI" */;
			compatibilityVersion = "Xcode 9.3";
			developmentRegion = en;
			hasScannedForEncodings = 0;
			knownRegions = (
				en,
				Base,
			);
			mainGroup = E393335D20F1D05E0045F8D7;
			productRefGroup = E393336720F1D05E0045F8D7 /* Products */;
			projectDirPath = "";
			projectRoot = "";
			targets = (
				E393336520F1D05E0045F8D7 /* loginscreenUI */,
				E393337920F1D05F0045F8D7 /* loginscreenUITests */,
				E393338420F1D05F0045F8D7 /* loginscreenUIUITests */,
			);
		};
/* End PBXProject section */

/* Begin PBXResourcesBuildPhase section */
		E393336420F1D05E0045F8D7 /* Resources */ = {
			isa = PBXResourcesBuildPhase;
			buildActionMask = 2147483647;
			files = (
				E393337420F1D05F0045F8D7 /* LaunchScreen.storyboard in Resources */,
				E393337120F1D05F0045F8D7 /* Assets.xcassets in Resources */,
				E393336F20F1D05E0045F8D7 /* Main.storyboard in Resources */,
			);
			runOnlyForDeploymentPostprocessing = 0;
		};
		E393337820F1D05F0045F8D7 /* Resources */ = {
			isa = PBXResourcesBuildPhase;
			buildActionMask = 2147483647;
			files = (
			);
			runOnlyForDeploymentPostprocessing = 0;
		};
		E393338320F1D05F0045F8D7 /* Resources */ = {
			isa = PBXResourcesBuildPhase;
			buildActionMask = 2147483647;
			files = (
			);
			runOnlyForDeploymentPostprocessing = 0;
		};
/* End PBXResourcesBuildPhase section */

/* Begin PBXSourcesBuildPhase section */
		E393336220F1D05E0045F8D7 /* Sources */ = {
			isa = PBXSourcesBuildPhase;
			buildActionMask = 2147483647;
			files = (
				E393336C20F1D05E0045F8D7 /* ViewController.swift in Sources */,
				E393336A20F1D05E0045F8D7 /* AppDelegate.swift in Sources */,
			);
			runOnlyForDeploymentPostprocessing = 0;
		};
		E393337620F1D05F0045F8D7 /* Sources */ = {
			isa = PBXSourcesBuildPhase;
			buildActionMask = 2147483647;
			files = (
				E393337F20F1D05F0045F8D7 /* loginscreenUITests.swift in Sources */,
			);
			runOnlyForDeploymentPostprocessing = 0;
		};
		E393338120F1D05F0045F8D7 /* Sources */ = {
			isa = PBXSourcesBuildPhase;
			buildActionMask = 2147483647;
			files = (
				E393338A20F1D05F0045F8D7 /* loginscreenUIUITests.swift in Sources */,
			);
			runOnlyForDeploymentPostprocessing = 0;
		};
/* End PBXSourcesBuildPhase section */

/* Begin PBXTargetDependency section */
		E393337C20F1D05F0045F8D7 /* PBXTargetDependency */ = {
			isa = PBXTargetDependency;
			target = E393336520F1D05E0045F8D7 /* loginscreenUI */;
			targetProxy = E393337B20F1D05F0045F8D7 /* PBXContainerItemProxy */;
		};
		E393338720F1D05F0045F8D7 /* PBXTargetDependency */ = {
			isa = PBXTargetDependency;
			target = E393336520F1D05E0045F8D7 /* loginscreenUI */;
			targetProxy = E393338620F1D05F0045F8D7 /* PBXContainerItemProxy */;
		};
/* End PBXTargetDependency section */

/* Begin PBXVariantGroup section */
		E393336D20F1D05E0045F8D7 /* Main.storyboard */ = {
			isa = PBXVariantGroup;
			children = (
				E393336E20F1D05E0045F8D7 /* Base */,
			);
			name = Main.storyboard;
			sourceTree = "<group>";
		};
		E393337220F1D05F0045F8D7 /* LaunchScreen.storyboard */ = {
			isa = PBXVariantGroup;
			children = (
				E393337320F1D05F0045F8D7 /* Base */,
			);
			name = LaunchScreen.storyboard;
			sourceTree = "<group>";
		};
/* End PBXVariantGroup section */

/* Begin XCBuildConfiguration section */
		E393338C20F1D05F0045F8D7 /* Debug */ = {
			isa = XCBuildConfiguration;
			buildSettings = {
				ALWAYS_SEARCH_USER_PATHS = NO;
				CLANG_ANALYZER_NONNULL = YES;
				CLANG_ANALYZER_NUMBER_OBJECT_CONVERSION = YES_AGGRESSIVE;
				CLANG_CXX_LANGUAGE_STANDARD = "gnu++14";
				CLANG_CXX_LIBRARY = "libc++";
				CLANG_ENABLE_MODULES = YES;
				CLANG_ENABLE_OBJC_ARC = YES;
				CLANG_ENABLE_OBJC_WEAK = YES;
				CLANG_WARN_BLOCK_CAPTURE_AUTORELEASING = YES;
				CLANG_WARN_BOOL_CONVERSION = YES;
				CLANG_WARN_COMMA = YES;
				CLANG_WARN_CONSTANT_CONVERSION = YES;
				CLANG_WARN_DEPRECATED_OBJC_IMPLEMENTATIONS = YES;
				CLANG_WARN_DIRECT_OBJC_ISA_USAGE = YES_ERROR;
				CLANG_WARN_DOCUMENTATION_COMMENTS = YES;
				CLANG_WARN_EMPTY_BODY = YES;
				CLANG_WARN_ENUM_CONVERSION = YES;
				CLANG_WARN_INFINITE_RECURSION = YES;
				CLANG_WARN_INT_CONVERSION = YES;
				CLANG_WARN_NON_LITERAL_NULL_CONVERSION = YES;
				CLANG_WARN_OBJC_IMPLICIT_RETAIN_SELF = YES;
				CLANG_WARN_OBJC_LITERAL_CONVERSION = YES;
				CLANG_WARN_OBJC_ROOT_CLASS = YES_ERROR;
				CLANG_WARN_RANGE_LOOP_ANALYSIS = YES;
				CLANG_WARN_STRICT_PROTOTYPES = YES;
				CLANG_WARN_SUSPICIOUS_MOVE = YES;
				CLANG_WARN_UNGUARDED_AVAILABILITY = YES_AGGRESSIVE;
				CLANG_WARN_UNREACHABLE_CODE = YES;
				CLANG_WARN__DUPLICATE_METHOD_MATCH = YES;
				CODE_SIGN_IDENTITY = "iPhone Developer";
				COPY_PHASE_STRIP = NO;
				DEBUG_INFORMATION_FORMAT = dwarf;
				ENABLE_STRICT_OBJC_MSGSEND = YES;
				ENABLE_TESTABILITY = YES;
				GCC_C_LANGUAGE_STANDARD = gnu11;
				GCC_DYNAMIC_NO_PIC = NO;
				GCC_NO_COMMON_BLOCKS = YES;
				GCC_OPTIMIZATION_LEVEL = 0;
				GCC_PREPROCESSOR_DEFINITIONS = (
					"DEBUG=1",
					"$(inherited)",
				);
				GCC_WARN_64_TO_32_BIT_CONVERSION = YES;
				GCC_WARN_ABOUT_RETURN_TYPE = YES_ERROR;
				GCC_WARN_UNDECLARED_SELECTOR = YES;
				GCC_WARN_UNINITIALIZED_AUTOS = YES_AGGRESSIVE;
				GCC_WARN_UNUSED_FUNCTION = YES;
				GCC_WARN_UNUSED_VARIABLE = YES;
				IPHONEOS_DEPLOYMENT_TARGET = 11.4;
				MTL_ENABLE_DEBUG_INFO = YES;
				ONLY_ACTIVE_ARCH = YES;
				SDKROOT = iphoneos;
				SWIFT_ACTIVE_COMPILATION_CONDITIONS = DEBUG;
				SWIFT_OPTIMIZATION_LEVEL = "-Onone";
			};
			name = Debug;
		};
		E393338D20F1D05F0045F8D7 /* Release */ = {
			isa = XCBuildConfiguration;
			buildSettings = {
				ALWAYS_SEARCH_USER_PATHS = NO;
				CLANG_ANALYZER_NONNULL = YES;
				CLANG_ANALYZER_NUMBER_OBJECT_CONVERSION = YES_AGGRESSIVE;
				CLANG_CXX_LANGUAGE_STANDARD = "gnu++14";
				CLANG_CXX_LIBRARY = "libc++";
				CLANG_ENABLE_MODULES = YES;
				CLANG_ENABLE_OBJC_ARC = YES;
				CLANG_ENABLE_OBJC_WEAK = YES;
				CLANG_WARN_BLOCK_CAPTURE_AUTORELEASING = YES;
				CLANG_WARN_BOOL_CONVERSION = YES;
				CLANG_WARN_COMMA = YES;
				CLANG_WARN_CONSTANT_CONVERSION = YES;
				CLANG_WARN_DEPRECATED_OBJC_IMPLEMENTATIONS = YES;
				CLANG_WARN_DIRECT_OBJC_ISA_USAGE = YES_ERROR;
				CLANG_WARN_DOCUMENTATION_COMMENTS = YES;
				CLANG_WARN_EMPTY_BODY = YES;
				CLANG_WARN_ENUM_CONVERSION = YES;
				CLANG_WARN_INFINITE_RECURSION = YES;
				CLANG_WARN_INT_CONVERSION = YES;
				CLANG_WARN_NON_LITERAL_NULL_CONVERSION = YES;
				CLANG_WARN_OBJC_IMPLICIT_RETAIN_SELF = YES;
				CLANG_WARN_OBJC_LITERAL_CONVERSION = YES;
				CLANG_WARN_OBJC_ROOT_CLASS = YES_ERROR;
				CLANG_WARN_RANGE_LOOP_ANALYSIS = YES;
				CLANG_WARN_STRICT_PROTOTYPES = YES;
				CLANG_WARN_SUSPICIOUS_MOVE = YES;
				CLANG_WARN_UNGUARDED_AVAILABILITY = YES_AGGRESSIVE;
				CLANG_WARN_UNREACHABLE_CODE = YES;
				CLANG_WARN__DUPLICATE_METHOD_MATCH = YES;
				CODE_SIGN_IDENTITY = "iPhone Developer";
				COPY_PHASE_STRIP = NO;
				DEBUG_INFORMATION_FORMAT = "dwarf-with-dsym";
				ENABLE_NS_ASSERTIONS = NO;
				ENABLE_STRICT_OBJC_MSGSEND = YES;
				GCC_C_LANGUAGE_STANDARD = gnu11;
				GCC_NO_COMMON_BLOCKS = YES;
				GCC_WARN_64_TO_32_BIT_CONVERSION = YES;
				GCC_WARN_ABOUT_RETURN_TYPE = YES_ERROR;
				GCC_WARN_UNDECLARED_SELECTOR = YES;
				GCC_WARN_UNINITIALIZED_AUTOS = YES_AGGRESSIVE;
				GCC_WARN_UNUSED_FUNCTION = YES;
				GCC_WARN_UNUSED_VARIABLE = YES;
				IPHONEOS_DEPLOYMENT_TARGET = 11.4;
				MTL_ENABLE_DEBUG_INFO = NO;
				SDKROOT = iphoneos;
				SWIFT_COMPILATION_MODE = wholemodule;
				SWIFT_OPTIMIZATION_LEVEL = "-O";
				VALIDATE_PRODUCT = YES;
			};
			name = Release;
		};
		E393338F20F1D05F0045F8D7 /* Debug */ = {
			isa = XCBuildConfiguration;
			buildSettings = {
				ASSETCATALOG_COMPILER_APPICON_NAME = AppIcon;
				CODE_SIGN_STYLE = Automatic;
				DEVELOPMENT_TEAM = K38M324889;
				INFOPLIST_FILE = loginscreenUI/Info.plist;
				LD_RUNPATH_SEARCH_PATHS = (
					"$(inherited)",
					"@executable_path/Frameworks",
				);
				PRODUCT_BUNDLE_IDENTIFIER = shout.loginscreenUI;
				PRODUCT_NAME = "$(TARGET_NAME)";
				SWIFT_VERSION = 4.0;
				TARGETED_DEVICE_FAMILY = "1,2";
			};
			name = Debug;
		};
		E393339020F1D05F0045F8D7 /* Release */ = {
			isa = XCBuildConfiguration;
			buildSettings = {
				ASSETCATALOG_COMPILER_APPICON_NAME = AppIcon;
				CODE_SIGN_STYLE = Automatic;
				DEVELOPMENT_TEAM = K38M324889;
				INFOPLIST_FILE = loginscreenUI/Info.plist;
				LD_RUNPATH_SEARCH_PATHS = (
					"$(inherited)",
					"@executable_path/Frameworks",
				);
				PRODUCT_BUNDLE_IDENTIFIER = shout.loginscreenUI;
				PRODUCT_NAME = "$(TARGET_NAME)";
				SWIFT_VERSION = 4.0;
				TARGETED_DEVICE_FAMILY = "1,2";
			};
			name = Release;
		};
		E393339220F1D05F0045F8D7 /* Debug */ = {
			isa = XCBuildConfiguration;
			buildSettings = {
				ALWAYS_EMBED_SWIFT_STANDARD_LIBRARIES = YES;
				BUNDLE_LOADER = "$(TEST_HOST)";
				CODE_SIGN_STYLE = Automatic;
				DEVELOPMENT_TEAM = K38M324889;
				INFOPLIST_FILE = loginscreenUITests/Info.plist;
				LD_RUNPATH_SEARCH_PATHS = (
					"$(inherited)",
					"@executable_path/Frameworks",
					"@loader_path/Frameworks",
				);
				PRODUCT_BUNDLE_IDENTIFIER = shout.loginscreenUITests;
				PRODUCT_NAME = "$(TARGET_NAME)";
				SWIFT_VERSION = 4.0;
				TARGETED_DEVICE_FAMILY = "1,2";
				TEST_HOST = "$(BUILT_PRODUCTS_DIR)/loginscreenUI.app/loginscreenUI";
			};
			name = Debug;
		};
		E393339320F1D05F0045F8D7 /* Release */ = {
			isa = XCBuildConfiguration;
			buildSettings = {
				ALWAYS_EMBED_SWIFT_STANDARD_LIBRARIES = YES;
				BUNDLE_LOADER = "$(TEST_HOST)";
				CODE_SIGN_STYLE = Automatic;
				DEVELOPMENT_TEAM = K38M324889;
				INFOPLIST_FILE = loginscreenUITests/Info.plist;
				LD_RUNPATH_SEARCH_PATHS = (
					"$(inherited)",
					"@executable_path/Frameworks",
					"@loader_path/Frameworks",
				);
				PRODUCT_BUNDLE_IDENTIFIER = shout.loginscreenUITests;
				PRODUCT_NAME = "$(TARGET_NAME)";
				SWIFT_VERSION = 4.0;
				TARGETED_DEVICE_FAMILY = "1,2";
				TEST_HOST = "$(BUILT_PRODUCTS_DIR)/loginscreenUI.app/loginscreenUI";
			};
			name = Release;
		};
		E393339520F1D05F0045F8D7 /* Debug */ = {
			isa = XCBuildConfiguration;
			buildSettings = {
				ALWAYS_EMBED_SWIFT_STANDARD_LIBRARIES = YES;
				CODE_SIGN_STYLE = Automatic;
				DEVELOPMENT_TEAM = K38M324889;
				INFOPLIST_FILE = loginscreenUIUITests/Info.plist;
				LD_RUNPATH_SEARCH_PATHS = (
					"$(inherited)",
					"@executable_path/Frameworks",
					"@loader_path/Frameworks",
				);
				PRODUCT_BUNDLE_IDENTIFIER = shout.loginscreenUIUITests;
				PRODUCT_NAME = "$(TARGET_NAME)";
				SWIFT_VERSION = 4.0;
				TARGETED_DEVICE_FAMILY = "1,2";
				TEST_TARGET_NAME = loginscreenUI;
			};
			name = Debug;
		};
		E393339620F1D05F0045F8D7 /* Release */ = {
			isa = XCBuildConfiguration;
			buildSettings = {
				ALWAYS_EMBED_SWIFT_STANDARD_LIBRARIES = YES;
				CODE_SIGN_STYLE = Automatic;
				DEVELOPMENT_TEAM = K38M324889;
				INFOPLIST_FILE = loginscreenUIUITests/Info.plist;
				LD_RUNPATH_SEARCH_PATHS = (
					"$(inherited)",
					"@executable_path/Frameworks",
					"@loader_path/Frameworks",
				);
				PRODUCT_BUNDLE_IDENTIFIER = shout.loginscreenUIUITests;
				PRODUCT_NAME = "$(TARGET_NAME)";
				SWIFT_VERSION = 4.0;
				TARGETED_DEVICE_FAMILY = "1,2";
				TEST_TARGET_NAME = loginscreenUI;
			};
			name = Release;
		};
/* End XCBuildConfiguration section */

/* Begin XCConfigurationList section */
		E393336120F1D05E0045F8D7 /* Build configuration list for PBXProject "loginscreenUI" */ = {
			isa = XCConfigurationList;
			buildConfigurations = (
				E393338C20F1D05F0045F8D7 /* Debug */,
				E393338D20F1D05F0045F8D7 /* Release */,
			);
			defaultConfigurationIsVisible = 0;
			defaultConfigurationName = Release;
		};
		E393338E20F1D05F0045F8D7 /* Build configuration list for PBXNativeTarget "loginscreenUI" */ = {
			isa = XCConfigurationList;
			buildConfigurations = (
				E393338F20F1D05F0045F8D7 /* Debug */,
				E393339020F1D05F0045F8D7 /* Release */,
			);
			defaultConfigurationIsVisible = 0;
			defaultConfigurationName = Release;
		};
		E393339120F1D05F0045F8D7 /* Build configuration list for PBXNativeTarget "loginscreenUITests" */ = {
			isa = XCConfigurationList;
			buildConfigurations = (
				E393339220F1D05F0045F8D7 /* Debug */,
				E393339320F1D05F0045F8D7 /* Release */,
			);
			defaultConfigurationIsVisible = 0;
			defaultConfigurationName = Release;
		};
		E393339420F1D05F0045F8D7 /* Build configuration list for PBXNativeTarget "loginscreenUIUITests" */ = {
			isa = XCConfigurationList;
			buildConfigurations = (
				E393339520F1D05F0045F8D7 /* Debug */,
				E393339620F1D05F0045F8D7 /* Release */,
			);
			defaultConfigurationIsVisible = 0;
			defaultConfigurationName = Release;
		};
/* End XCConfigurationList section */
	};
	rootObject = E393335E20F1D05E0045F8D7 /* Project object */;
}
